
Microsoft Visual Studio Solution File, Format Version 12.00
# Visual Studio Version 17
VisualStudioVersion = 17.0.32126.317
MinimumVisualStudioVersion = 10.0.40219.1
Project("{2150E333-8FDC-42A3-9474-1A3956D46DE8}") = "src", "src", "{89854BD2-E340-489B-9810-19847E35CBE2}"
EndProject
Project("{9A19103F-16F7-4668-BE54-9A1E7A4F7556}") = "ANCD.Domain", "src\ANCD.Domain\ANCD.Domain.csproj", "{C06881F1-F23F-4B81-A51E-0A418111C736}"
EndProject
Project("{9A19103F-16F7-4668-BE54-9A1E7A4F7556}") = "ANCD.Infra", "src\ANCD.Infra\ANCD.Infra.csproj", "{7D6360EC-DC47-4402-B983-ABB59779F623}"
EndProject
Project("{9A19103F-16F7-4668-BE54-9A1E7A4F7556}") = "ANCD.Application", "src\ANCD.Application\ANCD.Application.csproj", "{DD1B6831-92B5-4A3F-B2C9-55CDB3D38518}"
EndProject
Project("{9A19103F-16F7-4668-BE54-9A1E7A4F7556}") = "ANCD.IoC", "src\ANCD.IoC\ANCD.IoC.csproj", "{7B15F4FD-617B-4E31-8CEC-758FF42D75E5}"
EndProject
Project("{9A19103F-16F7-4668-BE54-9A1E7A4F7556}") = "ANCD.API", "src\ANCD.API\ANCD.API.csproj", "{B6C147E0-4657-46E4-9571-1ED3D85AFDAB}"
EndProject
Global
	GlobalSection(SolutionConfigurationPlatforms) = preSolution
		Debug|Any CPU = Debug|Any CPU
		Release|Any CPU = Release|Any CPU
	EndGlobalSection
	GlobalSection(ProjectConfigurationPlatforms) = postSolution
		{C06881F1-F23F-4B81-A51E-0A418111C736}.Debug|Any CPU.ActiveCfg = Debug|Any CPU
		{C06881F1-F23F-4B81-A51E-0A418111C736}.Debug|Any CPU.Build.0 = Debug|Any CPU
		{C06881F1-F23F-4B81-A51E-0A418111C736}.Release|Any CPU.ActiveCfg = Release|Any CPU
		{C06881F1-F23F-4B81-A51E-0A418111C736}.Release|Any CPU.Build.0 = Release|Any CPU
		{7D6360EC-DC47-4402-B983-ABB59779F623}.Debug|Any CPU.ActiveCfg = Debug|Any CPU
		{7D6360EC-DC47-4402-B983-ABB59779F623}.Debug|Any CPU.Build.0 = Debug|Any CPU
		{7D6360EC-DC47-4402-B983-ABB59779F623}.Release|Any CPU.ActiveCfg = Release|Any CPU
		{7D6360EC-DC47-4402-B983-ABB59779F623}.Release|Any CPU.Build.0 = Release|Any CPU
		{DD1B6831-92B5-4A3F-B2C9-55CDB3D38518}.Debug|Any CPU.ActiveCfg = Debug|Any CPU
		{DD1B6831-92B5-4A3F-B2C9-55CDB3D38518}.Debug|Any CPU.Build.0 = Debug|Any CPU
		{DD1B6831-92B5-4A3F-B2C9-55CDB3D38518}.Release|Any CPU.ActiveCfg = Release|Any CPU
		{DD1B6831-92B5-4A3F-B2C9-55CDB3D38518}.Release|Any CPU.Build.0 = Release|Any CPU
		{7B15F4FD-617B-4E31-8CEC-758FF42D75E5}.Debug|Any CPU.ActiveCfg = Debug|Any CPU
		{7B15F4FD-617B-4E31-8CEC-758FF42D75E5}.Debug|Any CPU.Build.0 = Debug|Any CPU
		{7B15F4FD-617B-4E31-8CEC-758FF42D75E5}.Release|Any CPU.ActiveCfg = Release|Any CPU
		{7B15F4FD-617B-4E31-8CEC-758FF42D75E5}.Release|Any CPU.Build.0 = Release|Any CPU
		{B6C147E0-4657-46E4-9571-1ED3D85AFDAB}.Debug|Any CPU.ActiveCfg = Debug|Any CPU
		{B6C147E0-4657-46E4-9571-1ED3D85AFDAB}.Debug|Any CPU.Build.0 = Debug|Any CPU
		{B6C147E0-4657-46E4-9571-1ED3D85AFDAB}.Release|Any CPU.ActiveCfg = Release|Any CPU
		{B6C147E0-4657-46E4-9571-1ED3D85AFDAB}.Release|Any CPU.Build.0 = Release|Any CPU
	EndGlobalSection
	GlobalSection(SolutionProperties) = preSolution
		HideSolutionNode = FALSE
	EndGlobalSection
	GlobalSection(NestedProjects) = preSolution
		{C06881F1-F23F-4B81-A51E-0A418111C736} = {89854BD2-E340-489B-9810-19847E35CBE2}
		{7D6360EC-DC47-4402-B983-ABB59779F623} = {89854BD2-E340-489B-9810-19847E35CBE2}
		{DD1B6831-92B5-4A3F-B2C9-55CDB3D38518} = {89854BD2-E340-489B-9810-19847E35CBE2}
		{7B15F4FD-617B-4E31-8CEC-758FF42D75E5} = {89854BD2-E340-489B-9810-19847E35CBE2}
		{B6C147E0-4657-46E4-9571-1ED3D85AFDAB} = {89854BD2-E340-489B-9810-19847E35CBE2}
	EndGlobalSection
	GlobalSection(ExtensibilityGlobals) = postSolution
		SolutionGuid = {E99B3AF0-0F4C-47B7-AC31-76A9F400A78A}
	EndGlobalSection
EndGlobal
